// !$*UTF8*$!
{
	archiveVersion = 1;
	classes = {
	};
	objectVersion = 50;
	objects = {

/* Begin PBXBuildFile section */
		BB994B9624CF4D1F00158922 /* AppDelegate.swift in Sources */ = {isa = PBXBuildFile; fileRef = BB994B9524CF4D1F00158922 /* AppDelegate.swift */; };
		BB994B9824CF4D1F00158922 /* SceneDelegate.swift in Sources */ = {isa = PBXBuildFile; fileRef = BB994B9724CF4D1F00158922 /* SceneDelegate.swift */; };
		BB994B9D24CF4D1F00158922 /* Main.storyboard in Resources */ = {isa = PBXBuildFile; fileRef = BB994B9B24CF4D1F00158922 /* Main.storyboard */; };
		BB994B9F24CF4D2200158922 /* Assets.xcassets in Resources */ = {isa = PBXBuildFile; fileRef = BB994B9E24CF4D2200158922 /* Assets.xcassets */; };
		BB994BA224CF4D2200158922 /* LaunchScreen.storyboard in Resources */ = {isa = PBXBuildFile; fileRef = BB994BA024CF4D2200158922 /* LaunchScreen.storyboard */; };
		BB994BAA24CF514200158922 /* SearchMovieTableViewController.swift in Sources */ = {isa = PBXBuildFile; fileRef = BB994BA924CF514200158922 /* SearchMovieTableViewController.swift */; };
		BB994BAC24CF536200158922 /* MovieSearchResult.swift in Sources */ = {isa = PBXBuildFile; fileRef = BB994BAB24CF536200158922 /* MovieSearchResult.swift */; };
		BB994BAE24CF577F00158922 /* MovieNetworking.swift in Sources */ = {isa = PBXBuildFile; fileRef = BB994BAD24CF577F00158922 /* MovieNetworking.swift */; };
		BB994BB024CF5EC600158922 /* MovieController.swift in Sources */ = {isa = PBXBuildFile; fileRef = BB994BAF24CF5EC600158922 /* MovieController.swift */; };
		BB994BB224D0B97400158922 /* MovieDetailViewController.swift in Sources */ = {isa = PBXBuildFile; fileRef = BB994BB124D0B97400158922 /* MovieDetailViewController.swift */; };
/* End PBXBuildFile section */

/* Begin PBXFileReference section */
		BB994B9224CF4D1F00158922 /* Roll4Show.app */ = {isa = PBXFileReference; explicitFileType = wrapper.application; includeInIndex = 0; path = Roll4Show.app; sourceTree = BUILT_PRODUCTS_DIR; };
		BB994B9524CF4D1F00158922 /* AppDelegate.swift */ = {isa = PBXFileReference; lastKnownFileType = sourcecode.swift; path = AppDelegate.swift; sourceTree = "<group>"; };
		BB994B9724CF4D1F00158922 /* SceneDelegate.swift */ = {isa = PBXFileReference; lastKnownFileType = sourcecode.swift; path = SceneDelegate.swift; sourceTree = "<group>"; };
		BB994B9C24CF4D1F00158922 /* Base */ = {isa = PBXFileReference; lastKnownFileType = file.storyboard; name = Base; path = Base.lproj/Main.storyboard; sourceTree = "<group>"; };
		BB994B9E24CF4D2200158922 /* Assets.xcassets */ = {isa = PBXFileReference; lastKnownFileType = folder.assetcatalog; path = Assets.xcassets; sourceTree = "<group>"; };
		BB994BA124CF4D2200158922 /* Base */ = {isa = PBXFileReference; lastKnownFileType = file.storyboard; name = Base; path = Base.lproj/LaunchScreen.storyboard; sourceTree = "<group>"; };
		BB994BA324CF4D2200158922 /* Info.plist */ = {isa = PBXFileReference; lastKnownFileType = text.plist.xml; path = Info.plist; sourceTree = "<group>"; };
		BB994BA924CF514200158922 /* SearchMovieTableViewController.swift */ = {isa = PBXFileReference; lastKnownFileType = sourcecode.swift; path = SearchMovieTableViewController.swift; sourceTree = "<group>"; };
		BB994BAB24CF536200158922 /* MovieSearchResult.swift */ = {isa = PBXFileReference; lastKnownFileType = sourcecode.swift; path = MovieSearchResult.swift; sourceTree = "<group>"; };
		BB994BAD24CF577F00158922 /* MovieNetworking.swift */ = {isa = PBXFileReference; lastKnownFileType = sourcecode.swift; path = MovieNetworking.swift; sourceTree = "<group>"; };
		BB994BAF24CF5EC600158922 /* MovieController.swift */ = {isa = PBXFileReference; lastKnownFileType = sourcecode.swift; path = MovieController.swift; sourceTree = "<group>"; };
		BB994BB124D0B97400158922 /* MovieDetailViewController.swift */ = {isa = PBXFileReference; lastKnownFileType = sourcecode.swift; path = MovieDetailViewController.swift; sourceTree = "<group>"; };
/* End PBXFileReference section */

/* Begin PBXFrameworksBuildPhase section */
		BB994B8F24CF4D1F00158922 /* Frameworks */ = {
			isa = PBXFrameworksBuildPhase;
			buildActionMask = 2147483647;
			files = (
			);
			runOnlyForDeploymentPostprocessing = 0;
		};
/* End PBXFrameworksBuildPhase section */

/* Begin PBXGroup section */
		BB994B8924CF4D1F00158922 = {
			isa = PBXGroup;
			children = (
				BB994B9424CF4D1F00158922 /* Roll4Show */,
				BB994B9324CF4D1F00158922 /* Products */,
			);
			sourceTree = "<group>";
		};
		BB994B9324CF4D1F00158922 /* Products */ = {
			isa = PBXGroup;
			children = (
				BB994B9224CF4D1F00158922 /* Roll4Show.app */,
			);
			name = Products;
			sourceTree = "<group>";
		};
		BB994B9424CF4D1F00158922 /* Roll4Show */ = {
			isa = PBXGroup;
			children = (
				BB994B9524CF4D1F00158922 /* AppDelegate.swift */,
				BB994B9724CF4D1F00158922 /* SceneDelegate.swift */,
				BB994BA924CF514200158922 /* SearchMovieTableViewController.swift */,
				BB994BB124D0B97400158922 /* MovieDetailViewController.swift */,
				BB994BAB24CF536200158922 /* MovieSearchResult.swift */,
				BB994BAD24CF577F00158922 /* MovieNetworking.swift */,
				BB994BAF24CF5EC600158922 /* MovieController.swift */,
				BB994B9B24CF4D1F00158922 /* Main.storyboard */,
				BB994B9E24CF4D2200158922 /* Assets.xcassets */,
				BB994BA024CF4D2200158922 /* LaunchScreen.storyboard */,
				BB994BA324CF4D2200158922 /* Info.plist */,
			);
			path = Roll4Show;
			sourceTree = "<group>";
		};
/* End PBXGroup section */

/* Begin PBXNativeTarget section */
		BB994B9124CF4D1F00158922 /* Roll4Show */ = {
			isa = PBXNativeTarget;
			buildConfigurationList = BB994BA624CF4D2200158922 /* Build configuration list for PBXNativeTarget "Roll4Show" */;
			buildPhases = (
				BB994B8E24CF4D1F00158922 /* Sources */,
				BB994B8F24CF4D1F00158922 /* Frameworks */,
				BB994B9024CF4D1F00158922 /* Resources */,
			);
			buildRules = (
			);
			dependencies = (
			);
			name = Roll4Show;
			productName = Roll4Show;
			productReference = BB994B9224CF4D1F00158922 /* Roll4Show.app */;
			productType = "com.apple.product-type.application";
		};
/* End PBXNativeTarget section */

/* Begin PBXProject section */
		BB994B8A24CF4D1F00158922 /* Project object */ = {
			isa = PBXProject;
			attributes = {
				LastSwiftUpdateCheck = 1150;
				LastUpgradeCheck = 1150;
				ORGANIZATIONNAME = skysuzuki;
				TargetAttributes = {
					BB994B9124CF4D1F00158922 = {
						CreatedOnToolsVersion = 11.5;
					};
				};
			};
			buildConfigurationList = BB994B8D24CF4D1F00158922 /* Build configuration list for PBXProject "Roll4Show" */;
			compatibilityVersion = "Xcode 9.3";
			developmentRegion = en;
			hasScannedForEncodings = 0;
			knownRegions = (
				en,
				Base,
			);
			mainGroup = BB994B8924CF4D1F00158922;
			productRefGroup = BB994B9324CF4D1F00158922 /* Products */;
			projectDirPath = "";
			projectRoot = "";
			targets = (
				BB994B9124CF4D1F00158922 /* Roll4Show */,
			);
		};
/* End PBXProject section */

/* Begin PBXResourcesBuildPhase section */
		BB994B9024CF4D1F00158922 /* Resources */ = {
			isa = PBXResourcesBuildPhase;
			buildActionMask = 2147483647;
			files = (
				BB994BA224CF4D2200158922 /* LaunchScreen.storyboard in Resources */,
				BB994B9F24CF4D2200158922 /* Assets.xcassets in Resources */,
				BB994B9D24CF4D1F00158922 /* Main.storyboard in Resources */,
			);
			runOnlyForDeploymentPostprocessing = 0;
		};
/* End PBXResourcesBuildPhase section */

/* Begin PBXSourcesBuildPhase section */
		BB994B8E24CF4D1F00158922 /* Sources */ = {
			isa = PBXSourcesBuildPhase;
			buildActionMask = 2147483647;
			files = (
				BB994BB024CF5EC600158922 /* MovieController.swift in Sources */,
				BB994B9624CF4D1F00158922 /* AppDelegate.swift in Sources */,
				BB994B9824CF4D1F00158922 /* SceneDelegate.swift in Sources */,
				BB994BAA24CF514200158922 /* SearchMovieTableViewController.swift in Sources */,
				BB994BB224D0B97400158922 /* MovieDetailViewController.swift in Sources */,
				BB994BAE24CF577F00158922 /* MovieNetworking.swift in Sources */,
				BB994BAC24CF536200158922 /* MovieSearchResult.swift in Sources */,
			);
			runOnlyForDeploymentPostprocessing = 0;
		};
/* End PBXSourcesBuildPhase section */

/* Begin PBXVariantGroup section */
		BB994B9B24CF4D1F00158922 /* Main.storyboard */ = {
			isa = PBXVariantGroup;
			children = (
				BB994B9C24CF4D1F00158922 /* Base */,
			);
			name = Main.storyboard;
			sourceTree = "<group>";
		};
		BB994BA024CF4D2200158922 /* LaunchScreen.storyboard */ = {
			isa = PBXVariantGroup;
			children = (
				BB994BA124CF4D2200158922 /* Base */,
			);
			name = LaunchScreen.storyboard;
			sourceTree = "<group>";
		};
/* End PBXVariantGroup section */

/* Begin XCBuildConfiguration section */
		BB994BA424CF4D2200158922 /* Debug */ = {
			isa = XCBuildConfiguration;
			buildSettings = {
				ALWAYS_SEARCH_USER_PATHS = NO;
				CLANG_ANALYZER_NONNULL = YES;
				CLANG_ANALYZER_NUMBER_OBJECT_CONVERSION = YES_AGGRESSIVE;
				CLANG_CXX_LANGUAGE_STANDARD = "gnu++14";
				CLANG_CXX_LIBRARY = "libc++";
				CLANG_ENABLE_MODULES = YES;
				CLANG_ENABLE_OBJC_ARC = YES;
				CLANG_ENABLE_OBJC_WEAK = YES;
				CLANG_WARN_BLOCK_CAPTURE_AUTORELEASING = YES;
				CLANG_WARN_BOOL_CONVERSION = YES;
				CLANG_WARN_COMMA = YES;
				CLANG_WARN_CONSTANT_CONVERSION = YES;
				CLANG_WARN_DEPRECATED_OBJC_IMPLEMENTATIONS = YES;
				CLANG_WARN_DIRECT_OBJC_ISA_USAGE = YES_ERROR;
				CLANG_WARN_DOCUMENTATION_COMMENTS = YES;
				CLANG_WARN_EMPTY_BODY = YES;
				CLANG_WARN_ENUM_CONVERSION = YES;
				CLANG_WARN_INFINITE_RECURSION = YES;
				CLANG_WARN_INT_CONVERSION = YES;
				CLANG_WARN_NON_LITERAL_NULL_CONVERSION = YES;
				CLANG_WARN_OBJC_IMPLICIT_RETAIN_SELF = YES;
				CLANG_WARN_OBJC_LITERAL_CONVERSION = YES;
				CLANG_WARN_OBJC_ROOT_CLASS = YES_ERROR;
				CLANG_WARN_RANGE_LOOP_ANALYSIS = YES;
				CLANG_WARN_STRICT_PROTOTYPES = YES;
				CLANG_WARN_SUSPICIOUS_MOVE = YES;
				CLANG_WARN_UNGUARDED_AVAILABILITY = YES_AGGRESSIVE;
				CLANG_WARN_UNREACHABLE_CODE = YES;
				CLANG_WARN__DUPLICATE_METHOD_MATCH = YES;
				COPY_PHASE_STRIP = NO;
				DEBUG_INFORMATION_FORMAT = dwarf;
				ENABLE_STRICT_OBJC_MSGSEND = YES;
				ENABLE_TESTABILITY = YES;
				GCC_C_LANGUAGE_STANDARD = gnu11;
				GCC_DYNAMIC_NO_PIC = NO;
				GCC_NO_COMMON_BLOCKS = YES;
				GCC_OPTIMIZATION_LEVEL = 0;
				GCC_PREPROCESSOR_DEFINITIONS = (
					"DEBUG=1",
					"$(inherited)",
				);
				GCC_WARN_64_TO_32_BIT_CONVERSION = YES;
				GCC_WARN_ABOUT_RETURN_TYPE = YES_ERROR;
				GCC_WARN_UNDECLARED_SELECTOR = YES;
				GCC_WARN_UNINITIALIZED_AUTOS = YES_AGGRESSIVE;
				GCC_WARN_UNUSED_FUNCTION = YES;
				GCC_WARN_UNUSED_VARIABLE = YES;
				IPHONEOS_DEPLOYMENT_TARGET = 13.5;
				MTL_ENABLE_DEBUG_INFO = INCLUDE_SOURCE;
				MTL_FAST_MATH = YES;
				ONLY_ACTIVE_ARCH = YES;
				SDKROOT = iphoneos;
				SWIFT_ACTIVE_COMPILATION_CONDITIONS = DEBUG;
				SWIFT_OPTIMIZATION_LEVEL = "-Onone";
			};
			name = Debug;
		};
		BB994BA524CF4D2200158922 /* Release */ = {
			isa = XCBuildConfiguration;
			buildSettings = {
				ALWAYS_SEARCH_USER_PATHS = NO;
				CLANG_ANALYZER_NONNULL = YES;
				CLANG_ANALYZER_NUMBER_OBJECT_CONVERSION = YES_AGGRESSIVE;
				CLANG_CXX_LANGUAGE_STANDARD = "gnu++14";
				CLANG_CXX_LIBRARY = "libc++";
				CLANG_ENABLE_MODULES = YES;
				CLANG_ENABLE_OBJC_ARC = YES;
				CLANG_ENABLE_OBJC_WEAK = YES;
				CLANG_WARN_BLOCK_CAPTURE_AUTORELEASING = YES;
				CLANG_WARN_BOOL_CONVERSION = YES;
				CLANG_WARN_COMMA = YES;
				CLANG_WARN_CONSTANT_CONVERSION = YES;
				CLANG_WARN_DEPRECATED_OBJC_IMPLEMENTATIONS = YES;
				CLANG_WARN_DIRECT_OBJC_ISA_USAGE = YES_ERROR;
				CLANG_WARN_DOCUMENTATION_COMMENTS = YES;
				CLANG_WARN_EMPTY_BODY = YES;
				CLANG_WARN_ENUM_CONVERSION = YES;
				CLANG_WARN_INFINITE_RECURSION = YES;
				CLANG_WARN_INT_CONVERSION = YES;
				CLANG_WARN_NON_LITERAL_NULL_CONVERSION = YES;
				CLANG_WARN_OBJC_IMPLICIT_RETAIN_SELF = YES;
				CLANG_WARN_OBJC_LITERAL_CONVERSION = YES;
				CLANG_WARN_OBJC_ROOT_CLASS = YES_ERROR;
				CLANG_WARN_RANGE_LOOP_ANALYSIS = YES;
				CLANG_WARN_STRICT_PROTOTYPES = YES;
				CLANG_WARN_SUSPICIOUS_MOVE = YES;
				CLANG_WARN_UNGUARDED_AVAILABILITY = YES_AGGRESSIVE;
				CLANG_WARN_UNREACHABLE_CODE = YES;
				CLANG_WARN__DUPLICATE_METHOD_MATCH = YES;
				COPY_PHASE_STRIP = NO;
				DEBUG_INFORMATION_FORMAT = "dwarf-with-dsym";
				ENABLE_NS_ASSERTIONS = NO;
				ENABLE_STRICT_OBJC_MSGSEND = YES;
				GCC_C_LANGUAGE_STANDARD = gnu11;
				GCC_NO_COMMON_BLOCKS = YES;
				GCC_WARN_64_TO_32_BIT_CONVERSION = YES;
				GCC_WARN_ABOUT_RETURN_TYPE = YES_ERROR;
				GCC_WARN_UNDECLARED_SELECTOR = YES;
				GCC_WARN_UNINITIALIZED_AUTOS = YES_AGGRESSIVE;
				GCC_WARN_UNUSED_FUNCTION = YES;
				GCC_WARN_UNUSED_VARIABLE = YES;
				IPHONEOS_DEPLOYMENT_TARGET = 13.5;
				MTL_ENABLE_DEBUG_INFO = NO;
				MTL_FAST_MATH = YES;
				SDKROOT = iphoneos;
				SWIFT_COMPILATION_MODE = wholemodule;
				SWIFT_OPTIMIZATION_LEVEL = "-O";
				VALIDATE_PRODUCT = YES;
			};
			name = Release;
		};
		BB994BA724CF4D2200158922 /* Debug */ = {
			isa = XCBuildConfiguration;
			buildSettings = {
				ASSETCATALOG_COMPILER_APPICON_NAME = AppIcon;
				CODE_SIGN_STYLE = Automatic;
				DEVELOPMENT_TEAM = 6DS55Q3936;
				INFOPLIST_FILE = Roll4Show/Info.plist;
				LD_RUNPATH_SEARCH_PATHS = (
					"$(inherited)",
					"@executable_path/Frameworks",
				);
				PRODUCT_BUNDLE_IDENTIFIER = com.skysuzuki.Roll4Show;
				PRODUCT_NAME = "$(TARGET_NAME)";
				SWIFT_VERSION = 5.0;
				TARGETED_DEVICE_FAMILY = "1,2";
			};
			name = Debug;
		};
		BB994BA824CF4D2200158922 /* Release */ = {
			isa = XCBuildConfiguration;
			buildSettings = {
				ASSETCATALOG_COMPILER_APPICON_NAME = AppIcon;
				CODE_SIGN_STYLE = Automatic;
				DEVELOPMENT_TEAM = 6DS55Q3936;
				INFOPLIST_FILE = Roll4Show/Info.plist;
				LD_RUNPATH_SEARCH_PATHS = (
					"$(inherited)",
					"@executable_path/Frameworks",
				);
				PRODUCT_BUNDLE_IDENTIFIER = com.skysuzuki.Roll4Show;
				PRODUCT_NAME = "$(TARGET_NAME)";
				SWIFT_VERSION = 5.0;
				TARGETED_DEVICE_FAMILY = "1,2";
			};
			name = Release;
		};
/* End XCBuildConfiguration section */

/* Begin XCConfigurationList section */
		BB994B8D24CF4D1F00158922 /* Build configuration list for PBXProject "Roll4Show" */ = {
			isa = XCConfigurationList;
			buildConfigurations = (
				BB994BA424CF4D2200158922 /* Debug */,
				BB994BA524CF4D2200158922 /* Release */,
			);
			defaultConfigurationIsVisible = 0;
			defaultConfigurationName = Release;
		};
		BB994BA624CF4D2200158922 /* Build configuration list for PBXNativeTarget "Roll4Show" */ = {
			isa = XCConfigurationList;
			buildConfigurations = (
				BB994BA724CF4D2200158922 /* Debug */,
				BB994BA824CF4D2200158922 /* Release */,
			);
			defaultConfigurationIsVisible = 0;
			defaultConfigurationName = Release;
		};
/* End XCConfigurationList section */
	};
	rootObject = BB994B8A24CF4D1F00158922 /* Project object */;
}
